
Microsoft Visual Studio Solution File, Format Version 12.00
# Visual Studio 14
VisualStudioVersion = 14.0.25420.1
MinimumVisualStudioVersion = 10.0.40219.1
Project("{8BC9CEB8-8B4A-11D0-8D11-00A0C91BC942}") = "libonvif", "libonvif.vcxproj", "{C5EFFE0E-25E5-4174-8224-0CA038731D5D}"
EndProject
Project("{8BC9CEB8-8B4A-11D0-8D11-00A0C91BC942}") = "TestOnvif", "..\TestOnvif\TestOnvif.vcxproj", "{D2D7D80B-C325-4FF1-8880-71D1C560D437}"
EndProject
Project("{8BC9CEB8-8B4A-11D0-8D11-00A0C91BC942}") = "MultiTestRtsp", "..\MultiTestRtsp\MultiTestRtsp.vcxproj", "{50B24CD4-3E29-4C70-B74C-9DF8D8E4BE73}"
EndProject
Project("{8BC9CEB8-8B4A-11D0-8D11-00A0C91BC942}") = "RtmpServer", "..\RtmpServer\RtmpServer.vcxproj", "{39B3F762-A959-46E5-858A-304308B9869F}"
EndProject
Project("{8BC9CEB8-8B4A-11D0-8D11-00A0C91BC942}") = "RtmpClient", "RtmpClient\RtmpClient.vcxproj", "{A79A6E53-17EF-46AE-A1BC-A28DF1399329}"
EndProject
Project("{8BC9CEB8-8B4A-11D0-8D11-00A0C91BC942}") = "RtspServer", "RtspServer\RtspServer.vcxproj", "{37A527C4-4A3D-4340-932C-4F680F8C3779}"
EndProject
Project("{8BC9CEB8-8B4A-11D0-8D11-00A0C91BC942}") = "RtspClient", "RtspClient\RtspClient.vcxproj", "{2DDB3E7B-34D6-429C-856D-02F98684FC9E}"
EndProject
Project("{8BC9CEB8-8B4A-11D0-8D11-00A0C91BC942}") = "JrtpRtspClient", "..\JrtpRtspClient\JrtpRtspClient.vcxproj", "{0C3CFA26-CFAA-4637-B8B2-4FA36488B25A}"
EndProject
Project("{8BC9CEB8-8B4A-11D0-8D11-00A0C91BC942}") = "libJrtpRtspClient", "libJrtpRtspClient\libJrtpRtspClient.vcxproj", "{1F756023-9DA7-440B-826E-36560D49B40D}"
EndProject
Project("{8BC9CEB8-8B4A-11D0-8D11-00A0C91BC942}") = "PipManager", "PipManager\PipManager.vcxproj", "{7E72746A-41A8-4B8C-BCE4-597ED4492675}"
EndProject
Project("{8BC9CEB8-8B4A-11D0-8D11-00A0C91BC942}") = "SqlConnector", "..\SqlConnector\SqlConnector.vcxproj", "{89F25D9A-65BE-4010-8BD4-4B04404849A6}"
EndProject
Project("{8BC9CEB8-8B4A-11D0-8D11-00A0C91BC942}") = "MyPing", "..\MyPing\MyPing.vcxproj", "{5EC2643C-B7F0-436E-9551-72903625AD72}"
EndProject
Global
	GlobalSection(SolutionConfigurationPlatforms) = preSolution
		Debug|x64 = Debug|x64
		Debug|x86 = Debug|x86
		Release|x64 = Release|x64
		Release|x86 = Release|x86
	EndGlobalSection
	GlobalSection(ProjectConfigurationPlatforms) = postSolution
		{C5EFFE0E-25E5-4174-8224-0CA038731D5D}.Debug|x64.ActiveCfg = Debug|x64
		{C5EFFE0E-25E5-4174-8224-0CA038731D5D}.Debug|x64.Build.0 = Debug|x64
		{C5EFFE0E-25E5-4174-8224-0CA038731D5D}.Debug|x86.ActiveCfg = Debug|Win32
		{C5EFFE0E-25E5-4174-8224-0CA038731D5D}.Debug|x86.Build.0 = Debug|Win32
		{C5EFFE0E-25E5-4174-8224-0CA038731D5D}.Release|x64.ActiveCfg = Release|x64
		{C5EFFE0E-25E5-4174-8224-0CA038731D5D}.Release|x64.Build.0 = Release|x64
		{C5EFFE0E-25E5-4174-8224-0CA038731D5D}.Release|x86.ActiveCfg = Release|Win32
		{C5EFFE0E-25E5-4174-8224-0CA038731D5D}.Release|x86.Build.0 = Release|Win32
		{D2D7D80B-C325-4FF1-8880-71D1C560D437}.Debug|x64.ActiveCfg = Debug|x64
		{D2D7D80B-C325-4FF1-8880-71D1C560D437}.Debug|x64.Build.0 = Debug|x64
		{D2D7D80B-C325-4FF1-8880-71D1C560D437}.Debug|x86.ActiveCfg = Debug|Win32
		{D2D7D80B-C325-4FF1-8880-71D1C560D437}.Debug|x86.Build.0 = Debug|Win32
		{D2D7D80B-C325-4FF1-8880-71D1C560D437}.Release|x64.ActiveCfg = Release|x64
		{D2D7D80B-C325-4FF1-8880-71D1C560D437}.Release|x64.Build.0 = Release|x64
		{D2D7D80B-C325-4FF1-8880-71D1C560D437}.Release|x86.ActiveCfg = Release|Win32
		{D2D7D80B-C325-4FF1-8880-71D1C560D437}.Release|x86.Build.0 = Release|Win32
		{50B24CD4-3E29-4C70-B74C-9DF8D8E4BE73}.Debug|x64.ActiveCfg = Debug|x64
		{50B24CD4-3E29-4C70-B74C-9DF8D8E4BE73}.Debug|x64.Build.0 = Debug|x64
		{50B24CD4-3E29-4C70-B74C-9DF8D8E4BE73}.Debug|x86.ActiveCfg = Debug|Win32
		{50B24CD4-3E29-4C70-B74C-9DF8D8E4BE73}.Debug|x86.Build.0 = Debug|Win32
		{50B24CD4-3E29-4C70-B74C-9DF8D8E4BE73}.Release|x64.ActiveCfg = Release|x64
		{50B24CD4-3E29-4C70-B74C-9DF8D8E4BE73}.Release|x64.Build.0 = Release|x64
		{50B24CD4-3E29-4C70-B74C-9DF8D8E4BE73}.Release|x86.ActiveCfg = Release|Win32
		{50B24CD4-3E29-4C70-B74C-9DF8D8E4BE73}.Release|x86.Build.0 = Release|Win32
		{39B3F762-A959-46E5-858A-304308B9869F}.Debug|x64.ActiveCfg = Debug|x64
		{39B3F762-A959-46E5-858A-304308B9869F}.Debug|x64.Build.0 = Debug|x64
		{39B3F762-A959-46E5-858A-304308B9869F}.Debug|x86.ActiveCfg = Debug|Win32
		{39B3F762-A959-46E5-858A-304308B9869F}.Debug|x86.Build.0 = Debug|Win32
		{39B3F762-A959-46E5-858A-304308B9869F}.Release|x64.ActiveCfg = Release|x64
		{39B3F762-A959-46E5-858A-304308B9869F}.Release|x64.Build.0 = Release|x64
		{39B3F762-A959-46E5-858A-304308B9869F}.Release|x86.ActiveCfg = Release|Win32
		{39B3F762-A959-46E5-858A-304308B9869F}.Release|x86.Build.0 = Release|Win32
		{A79A6E53-17EF-46AE-A1BC-A28DF1399329}.Debug|x64.ActiveCfg = Debug|x64
		{A79A6E53-17EF-46AE-A1BC-A28DF1399329}.Debug|x64.Build.0 = Debug|x64
		{A79A6E53-17EF-46AE-A1BC-A28DF1399329}.Debug|x86.ActiveCfg = Debug|Win32
		{A79A6E53-17EF-46AE-A1BC-A28DF1399329}.Debug|x86.Build.0 = Debug|Win32
		{A79A6E53-17EF-46AE-A1BC-A28DF1399329}.Release|x64.ActiveCfg = Release|x64
		{A79A6E53-17EF-46AE-A1BC-A28DF1399329}.Release|x64.Build.0 = Release|x64
		{A79A6E53-17EF-46AE-A1BC-A28DF1399329}.Release|x86.ActiveCfg = Release|Win32
		{A79A6E53-17EF-46AE-A1BC-A28DF1399329}.Release|x86.Build.0 = Release|Win32
		{37A527C4-4A3D-4340-932C-4F680F8C3779}.Debug|x64.ActiveCfg = Debug|x64
		{37A527C4-4A3D-4340-932C-4F680F8C3779}.Debug|x64.Build.0 = Debug|x64
		{37A527C4-4A3D-4340-932C-4F680F8C3779}.Debug|x86.ActiveCfg = Debug|Win32
		{37A527C4-4A3D-4340-932C-4F680F8C3779}.Debug|x86.Build.0 = Debug|Win32
		{37A527C4-4A3D-4340-932C-4F680F8C3779}.Release|x64.ActiveCfg = Release|x64
		{37A527C4-4A3D-4340-932C-4F680F8C3779}.Release|x64.Build.0 = Release|x64
		{37A527C4-4A3D-4340-932C-4F680F8C3779}.Release|x86.ActiveCfg = Release|Win32
		{37A527C4-4A3D-4340-932C-4F680F8C3779}.Release|x86.Build.0 = Release|Win32
		{2DDB3E7B-34D6-429C-856D-02F98684FC9E}.Debug|x64.ActiveCfg = Debug|x64
		{2DDB3E7B-34D6-429C-856D-02F98684FC9E}.Debug|x64.Build.0 = Debug|x64
		{2DDB3E7B-34D6-429C-856D-02F98684FC9E}.Debug|x86.ActiveCfg = Debug|Win32
		{2DDB3E7B-34D6-429C-856D-02F98684FC9E}.Debug|x86.Build.0 = Debug|Win32
		{2DDB3E7B-34D6-429C-856D-02F98684FC9E}.Release|x64.ActiveCfg = Release|x64
		{2DDB3E7B-34D6-429C-856D-02F98684FC9E}.Release|x64.Build.0 = Release|x64
		{2DDB3E7B-34D6-429C-856D-02F98684FC9E}.Release|x86.ActiveCfg = Release|Win32
		{2DDB3E7B-34D6-429C-856D-02F98684FC9E}.Release|x86.Build.0 = Release|Win32
		{0C3CFA26-CFAA-4637-B8B2-4FA36488B25A}.Debug|x64.ActiveCfg = Debug|x64
		{0C3CFA26-CFAA-4637-B8B2-4FA36488B25A}.Debug|x64.Build.0 = Debug|x64
		{0C3CFA26-CFAA-4637-B8B2-4FA36488B25A}.Debug|x86.ActiveCfg = Debug|Win32
		{0C3CFA26-CFAA-4637-B8B2-4FA36488B25A}.Debug|x86.Build.0 = Debug|Win32
		{0C3CFA26-CFAA-4637-B8B2-4FA36488B25A}.Release|x64.ActiveCfg = Release|x64
		{0C3CFA26-CFAA-4637-B8B2-4FA36488B25A}.Release|x64.Build.0 = Release|x64
		{0C3CFA26-CFAA-4637-B8B2-4FA36488B25A}.Release|x86.ActiveCfg = Release|Win32
		{0C3CFA26-CFAA-4637-B8B2-4FA36488B25A}.Release|x86.Build.0 = Release|Win32
		{1F756023-9DA7-440B-826E-36560D49B40D}.Debug|x64.ActiveCfg = Debug|x64
		{1F756023-9DA7-440B-826E-36560D49B40D}.Debug|x64.Build.0 = Debug|x64
		{1F756023-9DA7-440B-826E-36560D49B40D}.Debug|x86.ActiveCfg = Debug|Win32
		{1F756023-9DA7-440B-826E-36560D49B40D}.Debug|x86.Build.0 = Debug|Win32
		{1F756023-9DA7-440B-826E-36560D49B40D}.Release|x64.ActiveCfg = Release|x64
		{1F756023-9DA7-440B-826E-36560D49B40D}.Release|x64.Build.0 = Release|x64
		{1F756023-9DA7-440B-826E-36560D49B40D}.Release|x86.ActiveCfg = Release|Win32
		{1F756023-9DA7-440B-826E-36560D49B40D}.Release|x86.Build.0 = Release|Win32
		{7E72746A-41A8-4B8C-BCE4-597ED4492675}.Debug|x64.ActiveCfg = Debug|x64
		{7E72746A-41A8-4B8C-BCE4-597ED4492675}.Debug|x64.Build.0 = Debug|x64
		{7E72746A-41A8-4B8C-BCE4-597ED4492675}.Debug|x86.ActiveCfg = Debug|Win32
		{7E72746A-41A8-4B8C-BCE4-597ED4492675}.Debug|x86.Build.0 = Debug|Win32
		{7E72746A-41A8-4B8C-BCE4-597ED4492675}.Release|x64.ActiveCfg = Release|x64
		{7E72746A-41A8-4B8C-BCE4-597ED4492675}.Release|x64.Build.0 = Release|x64
		{7E72746A-41A8-4B8C-BCE4-597ED4492675}.Release|x86.ActiveCfg = Release|Win32
		{7E72746A-41A8-4B8C-BCE4-597ED4492675}.Release|x86.Build.0 = Release|Win32
		{89F25D9A-65BE-4010-8BD4-4B04404849A6}.Debug|x64.ActiveCfg = Debug|x64
		{89F25D9A-65BE-4010-8BD4-4B04404849A6}.Debug|x64.Build.0 = Debug|x64
		{89F25D9A-65BE-4010-8BD4-4B04404849A6}.Debug|x86.ActiveCfg = Debug|Win32
		{89F25D9A-65BE-4010-8BD4-4B04404849A6}.Debug|x86.Build.0 = Debug|Win32
		{89F25D9A-65BE-4010-8BD4-4B04404849A6}.Release|x64.ActiveCfg = Release|x64
		{89F25D9A-65BE-4010-8BD4-4B04404849A6}.Release|x64.Build.0 = Release|x64
		{89F25D9A-65BE-4010-8BD4-4B04404849A6}.Release|x86.ActiveCfg = Release|Win32
		{89F25D9A-65BE-4010-8BD4-4B04404849A6}.Release|x86.Build.0 = Release|Win32
		{5EC2643C-B7F0-436E-9551-72903625AD72}.Debug|x64.ActiveCfg = Debug|x64
		{5EC2643C-B7F0-436E-9551-72903625AD72}.Debug|x64.Build.0 = Debug|x64
		{5EC2643C-B7F0-436E-9551-72903625AD72}.Debug|x86.ActiveCfg = Debug|Win32
		{5EC2643C-B7F0-436E-9551-72903625AD72}.Debug|x86.Build.0 = Debug|Win32
		{5EC2643C-B7F0-436E-9551-72903625AD72}.Release|x64.ActiveCfg = Release|x64
		{5EC2643C-B7F0-436E-9551-72903625AD72}.Release|x64.Build.0 = Release|x64
		{5EC2643C-B7F0-436E-9551-72903625AD72}.Release|x86.ActiveCfg = Release|Win32
		{5EC2643C-B7F0-436E-9551-72903625AD72}.Release|x86.Build.0 = Release|Win32
	EndGlobalSection
	GlobalSection(SolutionProperties) = preSolution
		HideSolutionNode = FALSE
	EndGlobalSection
EndGlobal
